
Microsoft Visual Studio Solution File, Format Version 10.00
# Visual Studio 2008
Project("{FAE04EC0-301F-11D3-BF4B-00C04F79EFBC}") = "SSMS History", "SSMS History\SSMS History.csproj", "{87F9F35E-D207-4618-BFD3-BBD45C75FDE0}"
EndProject
Project("{54435603-DBB4-11D2-8724-00A0C9A8B90C}") = "SSMS History Installer", "SSMS History Installer\SSMS History Installer.vdproj", "{718A5072-C8A0-42C1-9413-EE2A3510F66F}"
EndProject
Global
	GlobalSection(SolutionConfigurationPlatforms) = preSolution
		Debug|Any CPU = Debug|Any CPU
		Release|Any CPU = Release|Any CPU
	EndGlobalSection
	GlobalSection(ProjectConfigurationPlatforms) = postSolution
		{87F9F35E-D207-4618-BFD3-BBD45C75FDE0}.Debug|Any CPU.ActiveCfg = Debug|Any CPU
		{87F9F35E-D207-4618-BFD3-BBD45C75FDE0}.Debug|Any CPU.Build.0 = Debug|Any CPU
		{87F9F35E-D207-4618-BFD3-BBD45C75FDE0}.Release|Any CPU.ActiveCfg = Release|Any CPU
		{87F9F35E-D207-4618-BFD3-BBD45C75FDE0}.Release|Any CPU.Build.0 = Release|Any CPU
		{718A5072-C8A0-42C1-9413-EE2A3510F66F}.Debug|Any CPU.ActiveCfg = Debug
		{718A5072-C8A0-42C1-9413-EE2A3510F66F}.Release|Any CPU.ActiveCfg = Release
	EndGlobalSection
	GlobalSection(SolutionProperties) = preSolution
		HideSolutionNode = FALSE
	EndGlobalSection
EndGlobal
